
Microsoft Visual Studio Solution File, Format Version 12.00
# Visual Studio Version 17
VisualStudioVersion = 17.5.33530.505
MinimumVisualStudioVersion = 10.0.40219.1
Project("{FAE04EC0-301F-11D3-BF4B-00C04F79EFBC}") = "MyMath", "MyMath.csproj", "{98CEDBEE-E186-47AE-A08C-B4547BD83378}"
EndProject
Project("{FAE04EC0-301F-11D3-BF4B-00C04F79EFBC}") = "MathTests", "..\MathTests\MathTests.csproj", "{A96FB002-524B-4E26-8B29-2161118FF29A}"
EndProject
Global
	GlobalSection(SolutionConfigurationPlatforms) = preSolution
		Debug|Any CPU = Debug|Any CPU
		Release|Any CPU = Release|Any CPU
	EndGlobalSection
	GlobalSection(ProjectConfigurationPlatforms) = postSolution
		{98CEDBEE-E186-47AE-A08C-B4547BD83378}.Debug|Any CPU.ActiveCfg = Debug|Any CPU
		{98CEDBEE-E186-47AE-A08C-B4547BD83378}.Debug|Any CPU.Build.0 = Debug|Any CPU
		{98CEDBEE-E186-47AE-A08C-B4547BD83378}.Release|Any CPU.ActiveCfg = Release|Any CPU
		{98CEDBEE-E186-47AE-A08C-B4547BD83378}.Release|Any CPU.Build.0 = Release|Any CPU
		{A96FB002-524B-4E26-8B29-2161118FF29A}.Debug|Any CPU.ActiveCfg = Debug|Any CPU
		{A96FB002-524B-4E26-8B29-2161118FF29A}.Debug|Any CPU.Build.0 = Debug|Any CPU
		{A96FB002-524B-4E26-8B29-2161118FF29A}.Release|Any CPU.ActiveCfg = Release|Any CPU
		{A96FB002-524B-4E26-8B29-2161118FF29A}.Release|Any CPU.Build.0 = Release|Any CPU
	EndGlobalSection
	GlobalSection(SolutionProperties) = preSolution
		HideSolutionNode = FALSE
	EndGlobalSection
	GlobalSection(ExtensibilityGlobals) = postSolution
		SolutionGuid = {54071F21-F430-4951-8905-C919FA6B8450}
	EndGlobalSection
EndGlobal
